
Microsoft Visual Studio Solution File, Format Version 12.00
# Visual Studio 15
VisualStudioVersion = 15.0.27703.2026
MinimumVisualStudioVersion = 10.0.40219.1
Project("{2150E333-8FDC-42A3-9474-1A3956D46DE8}") = "src", "src", "{20709E40-A2AD-4E0F-AB7B-FFA0C9CA79C0}"
EndProject
Project("{FAE04EC0-301F-11D3-BF4B-00C04F79EFBC}") = "ChannelAdam.TestFramework.BizTalk", "src\ChannelAdam.TestFramework.BizTalk\ChannelAdam.TestFramework.BizTalk.csproj", "{2168CD38-757A-49E2-9E3F-D0E7A3931F42}"
EndProject
Global
	GlobalSection(SolutionConfigurationPlatforms) = preSolution
		Debug|Any CPU = Debug|Any CPU
		Release|Any CPU = Release|Any CPU
	EndGlobalSection
	GlobalSection(ProjectConfigurationPlatforms) = postSolution
		{2168CD38-757A-49E2-9E3F-D0E7A3931F42}.Debug|Any CPU.ActiveCfg = Debug|Any CPU
		{2168CD38-757A-49E2-9E3F-D0E7A3931F42}.Debug|Any CPU.Build.0 = Debug|Any CPU
		{2168CD38-757A-49E2-9E3F-D0E7A3931F42}.Release|Any CPU.ActiveCfg = Release|Any CPU
		{2168CD38-757A-49E2-9E3F-D0E7A3931F42}.Release|Any CPU.Build.0 = Release|Any CPU
	EndGlobalSection
	GlobalSection(SolutionProperties) = preSolution
		HideSolutionNode = FALSE
	EndGlobalSection
	GlobalSection(NestedProjects) = preSolution
		{2168CD38-757A-49E2-9E3F-D0E7A3931F42} = {20709E40-A2AD-4E0F-AB7B-FFA0C9CA79C0}
	EndGlobalSection
	GlobalSection(ExtensibilityGlobals) = postSolution
		SolutionGuid = {6301620E-194E-4EA5-BE6D-4C97CFC509C6}
	EndGlobalSection
EndGlobal
